
Microsoft Visual Studio Solution File, Format Version 12.00
# Visual Studio Version 16
VisualStudioVersion = 16.0.30114.105
MinimumVisualStudioVersion = 10.0.40219.1
Project("{FAE04EC0-301F-11D3-BF4B-00C04F79EFBC}") = "API", "API\API.csproj", "{C489D250-63B3-4804-9246-5A7AC7B2DE0B}"
EndProject
Project("{FAE04EC0-301F-11D3-BF4B-00C04F79EFBC}") = "Application", "Application\Application.csproj", "{DBD14276-179D-4B6D-946D-2F695CF12A54}"
EndProject
Project("{FAE04EC0-301F-11D3-BF4B-00C04F79EFBC}") = "Persistence", "Persistence\Persistence.csproj", "{9026A85A-F928-47E5-9B5B-B0C2C45FEE66}"
EndProject
Project("{FAE04EC0-301F-11D3-BF4B-00C04F79EFBC}") = "Domain", "Domain\Domain.csproj", "{D7E325DF-4A69-4113-8FD0-3B9EEB9ED218}"
EndProject
Global
	GlobalSection(SolutionConfigurationPlatforms) = preSolution
		Debug|Any CPU = Debug|Any CPU
		Debug|x64 = Debug|x64
		Debug|x86 = Debug|x86
		Release|Any CPU = Release|Any CPU
		Release|x64 = Release|x64
		Release|x86 = Release|x86
	EndGlobalSection
	GlobalSection(SolutionProperties) = preSolution
		HideSolutionNode = FALSE
	EndGlobalSection
	GlobalSection(ProjectConfigurationPlatforms) = postSolution
		{C489D250-63B3-4804-9246-5A7AC7B2DE0B}.Debug|Any CPU.ActiveCfg = Debug|Any CPU
		{C489D250-63B3-4804-9246-5A7AC7B2DE0B}.Debug|Any CPU.Build.0 = Debug|Any CPU
		{C489D250-63B3-4804-9246-5A7AC7B2DE0B}.Debug|x64.ActiveCfg = Debug|Any CPU
		{C489D250-63B3-4804-9246-5A7AC7B2DE0B}.Debug|x64.Build.0 = Debug|Any CPU
		{C489D250-63B3-4804-9246-5A7AC7B2DE0B}.Debug|x86.ActiveCfg = Debug|Any CPU
		{C489D250-63B3-4804-9246-5A7AC7B2DE0B}.Debug|x86.Build.0 = Debug|Any CPU
		{C489D250-63B3-4804-9246-5A7AC7B2DE0B}.Release|Any CPU.ActiveCfg = Release|Any CPU
		{C489D250-63B3-4804-9246-5A7AC7B2DE0B}.Release|Any CPU.Build.0 = Release|Any CPU
		{C489D250-63B3-4804-9246-5A7AC7B2DE0B}.Release|x64.ActiveCfg = Release|Any CPU
		{C489D250-63B3-4804-9246-5A7AC7B2DE0B}.Release|x64.Build.0 = Release|Any CPU
		{C489D250-63B3-4804-9246-5A7AC7B2DE0B}.Release|x86.ActiveCfg = Release|Any CPU
		{C489D250-63B3-4804-9246-5A7AC7B2DE0B}.Release|x86.Build.0 = Release|Any CPU
		{DBD14276-179D-4B6D-946D-2F695CF12A54}.Debug|Any CPU.ActiveCfg = Debug|Any CPU
		{DBD14276-179D-4B6D-946D-2F695CF12A54}.Debug|Any CPU.Build.0 = Debug|Any CPU
		{DBD14276-179D-4B6D-946D-2F695CF12A54}.Debug|x64.ActiveCfg = Debug|Any CPU
		{DBD14276-179D-4B6D-946D-2F695CF12A54}.Debug|x64.Build.0 = Debug|Any CPU
		{DBD14276-179D-4B6D-946D-2F695CF12A54}.Debug|x86.ActiveCfg = Debug|Any CPU
		{DBD14276-179D-4B6D-946D-2F695CF12A54}.Debug|x86.Build.0 = Debug|Any CPU
		{DBD14276-179D-4B6D-946D-2F695CF12A54}.Release|Any CPU.ActiveCfg = Release|Any CPU
		{DBD14276-179D-4B6D-946D-2F695CF12A54}.Release|Any CPU.Build.0 = Release|Any CPU
		{DBD14276-179D-4B6D-946D-2F695CF12A54}.Release|x64.ActiveCfg = Release|Any CPU
		{DBD14276-179D-4B6D-946D-2F695CF12A54}.Release|x64.Build.0 = Release|Any CPU
		{DBD14276-179D-4B6D-946D-2F695CF12A54}.Release|x86.ActiveCfg = Release|Any CPU
		{DBD14276-179D-4B6D-946D-2F695CF12A54}.Release|x86.Build.0 = Release|Any CPU
		{9026A85A-F928-47E5-9B5B-B0C2C45FEE66}.Debug|Any CPU.ActiveCfg = Debug|Any CPU
		{9026A85A-F928-47E5-9B5B-B0C2C45FEE66}.Debug|Any CPU.Build.0 = Debug|Any CPU
		{9026A85A-F928-47E5-9B5B-B0C2C45FEE66}.Debug|x64.ActiveCfg = Debug|Any CPU
		{9026A85A-F928-47E5-9B5B-B0C2C45FEE66}.Debug|x64.Build.0 = Debug|Any CPU
		{9026A85A-F928-47E5-9B5B-B0C2C45FEE66}.Debug|x86.ActiveCfg = Debug|Any CPU
		{9026A85A-F928-47E5-9B5B-B0C2C45FEE66}.Debug|x86.Build.0 = Debug|Any CPU
		{9026A85A-F928-47E5-9B5B-B0C2C45FEE66}.Release|Any CPU.ActiveCfg = Release|Any CPU
		{9026A85A-F928-47E5-9B5B-B0C2C45FEE66}.Release|Any CPU.Build.0 = Release|Any CPU
		{9026A85A-F928-47E5-9B5B-B0C2C45FEE66}.Release|x64.ActiveCfg = Release|Any CPU
		{9026A85A-F928-47E5-9B5B-B0C2C45FEE66}.Release|x64.Build.0 = Release|Any CPU
		{9026A85A-F928-47E5-9B5B-B0C2C45FEE66}.Release|x86.ActiveCfg = Release|Any CPU
		{9026A85A-F928-47E5-9B5B-B0C2C45FEE66}.Release|x86.Build.0 = Release|Any CPU
		{D7E325DF-4A69-4113-8FD0-3B9EEB9ED218}.Debug|Any CPU.ActiveCfg = Debug|Any CPU
		{D7E325DF-4A69-4113-8FD0-3B9EEB9ED218}.Debug|Any CPU.Build.0 = Debug|Any CPU
		{D7E325DF-4A69-4113-8FD0-3B9EEB9ED218}.Debug|x64.ActiveCfg = Debug|Any CPU
		{D7E325DF-4A69-4113-8FD0-3B9EEB9ED218}.Debug|x64.Build.0 = Debug|Any CPU
		{D7E325DF-4A69-4113-8FD0-3B9EEB9ED218}.Debug|x86.ActiveCfg = Debug|Any CPU
		{D7E325DF-4A69-4113-8FD0-3B9EEB9ED218}.Debug|x86.Build.0 = Debug|Any CPU
		{D7E325DF-4A69-4113-8FD0-3B9EEB9ED218}.Release|Any CPU.ActiveCfg = Release|Any CPU
		{D7E325DF-4A69-4113-8FD0-3B9EEB9ED218}.Release|Any CPU.Build.0 = Release|Any CPU
		{D7E325DF-4A69-4113-8FD0-3B9EEB9ED218}.Release|x64.ActiveCfg = Release|Any CPU
		{D7E325DF-4A69-4113-8FD0-3B9EEB9ED218}.Release|x64.Build.0 = Release|Any CPU
		{D7E325DF-4A69-4113-8FD0-3B9EEB9ED218}.Release|x86.ActiveCfg = Release|Any CPU
		{D7E325DF-4A69-4113-8FD0-3B9EEB9ED218}.Release|x86.Build.0 = Release|Any CPU
	EndGlobalSection
EndGlobal
